// !$*UTF8*$!
{
	archiveVersion = 1;
	classes = {
	};
	objectVersion = 56;
	objects = {

/* Begin PBXBuildFile section */
		CF1F5EB42C6442BB00CAC1A2 /* ReadingView.swift in Sources */ = {isa = PBXBuildFile; fileRef = CF1F5EB32C6442BB00CAC1A2 /* ReadingView.swift */; };
		CF1F5EB92C644A8B00CAC1A2 /* SwiftSoup in Frameworks */ = {isa = PBXBuildFile; productRef = CF1F5EB82C644A8B00CAC1A2 /* SwiftSoup */; };
		CF1F5EBE2C671BCC00CAC1A2 /* TextStyle.swift in Sources */ = {isa = PBXBuildFile; fileRef = CF1F5EBD2C671BCC00CAC1A2 /* TextStyle.swift */; };
		CF1F5EC02C688C7B00CAC1A2 /* HTMLParser.swift in Sources */ = {isa = PBXBuildFile; fileRef = CF1F5EBF2C688C7B00CAC1A2 /* HTMLParser.swift */; };
		CF1F5EC22C68BE0600CAC1A2 /* Article.swift in Sources */ = {isa = PBXBuildFile; fileRef = CF1F5EC12C68BE0600CAC1A2 /* Article.swift */; };
		CF4CF5AE2C5DF23A006D1436 /* iReaderApp.swift in Sources */ = {isa = PBXBuildFile; fileRef = CF4CF5AD2C5DF23A006D1436 /* iReaderApp.swift */; };
		CF4CF5B02C5DF23A006D1436 /* ContentView.swift in Sources */ = {isa = PBXBuildFile; fileRef = CF4CF5AF2C5DF23A006D1436 /* ContentView.swift */; };
		CF4CF5B22C5DF23C006D1436 /* Assets.xcassets in Resources */ = {isa = PBXBuildFile; fileRef = CF4CF5B12C5DF23C006D1436 /* Assets.xcassets */; };
		CF4CF5B52C5DF23C006D1436 /* Preview Assets.xcassets in Resources */ = {isa = PBXBuildFile; fileRef = CF4CF5B42C5DF23C006D1436 /* Preview Assets.xcassets */; };
		CF4CF5C02C5E427F006D1436 /* IconItem.swift in Sources */ = {isa = PBXBuildFile; fileRef = CF4CF5BF2C5E427F006D1436 /* IconItem.swift */; };
		CF4CF5C62C5F1917006D1436 /* MultipleWindowsView.swift in Sources */ = {isa = PBXBuildFile; fileRef = CF4CF5C52C5F1917006D1436 /* MultipleWindowsView.swift */; };
		CF91967A2C6C1B5300C5B9B5 /* BookLibraryView.swift in Sources */ = {isa = PBXBuildFile; fileRef = CF9196792C6C1B5300C5B9B5 /* BookLibraryView.swift */; };
		CF91967C2C6C1B7F00C5B9B5 /* Book.swift in Sources */ = {isa = PBXBuildFile; fileRef = CF91967B2C6C1B7F00C5B9B5 /* Book.swift */; };
		CF9196802C6CE5E700C5B9B5 /* BookStoreWebViewContainer.swift in Sources */ = {isa = PBXBuildFile; fileRef = CF91967F2C6CE5E700C5B9B5 /* BookStoreWebViewContainer.swift */; };
		CF9196822C6CE96200C5B9B5 /* WebViewContainer.swift in Sources */ = {isa = PBXBuildFile; fileRef = CF9196812C6CE96200C5B9B5 /* WebViewContainer.swift */; };
		CF9196842C6E4E3800C5B9B5 /* MainView.swift in Sources */ = {isa = PBXBuildFile; fileRef = CF9196832C6E4E3800C5B9B5 /* MainView.swift */; };
		CF9196862C6E4F1E00C5B9B5 /* AddIconView.swift in Sources */ = {isa = PBXBuildFile; fileRef = CF9196852C6E4F1E00C5B9B5 /* AddIconView.swift */; };
		CFC490062C6F6E7B00BEEACE /* HTMLBookParser.swift in Sources */ = {isa = PBXBuildFile; fileRef = CFC490052C6F6E7B00BEEACE /* HTMLBookParser.swift */; };
		CFC4900A2C6FB05D00BEEACE /* ChapterListView.swift in Sources */ = {isa = PBXBuildFile; fileRef = CFC490092C6FB05D00BEEACE /* ChapterListView.swift */; };
		CFC4900C2C6FB06D00BEEACE /* FontSelectorView.swift in Sources */ = {isa = PBXBuildFile; fileRef = CFC4900B2C6FB06D00BEEACE /* FontSelectorView.swift */; };
/* End PBXBuildFile section */

/* Begin PBXFileReference section */
		CF1F5EB32C6442BB00CAC1A2 /* ReadingView.swift */ = {isa = PBXFileReference; lastKnownFileType = sourcecode.swift; path = ReadingView.swift; sourceTree = "<group>"; };
		CF1F5EBD2C671BCC00CAC1A2 /* TextStyle.swift */ = {isa = PBXFileReference; lastKnownFileType = sourcecode.swift; path = TextStyle.swift; sourceTree = "<group>"; };
		CF1F5EBF2C688C7B00CAC1A2 /* HTMLParser.swift */ = {isa = PBXFileReference; lastKnownFileType = sourcecode.swift; path = HTMLParser.swift; sourceTree = "<group>"; };
		CF1F5EC12C68BE0600CAC1A2 /* Article.swift */ = {isa = PBXFileReference; lastKnownFileType = sourcecode.swift; path = Article.swift; sourceTree = "<group>"; };
		CF4CF5AA2C5DF23A006D1436 /* iReader.app */ = {isa = PBXFileReference; explicitFileType = wrapper.application; includeInIndex = 0; path = iReader.app; sourceTree = BUILT_PRODUCTS_DIR; };
		CF4CF5AD2C5DF23A006D1436 /* iReaderApp.swift */ = {isa = PBXFileReference; lastKnownFileType = sourcecode.swift; path = iReaderApp.swift; sourceTree = "<group>"; };
		CF4CF5AF2C5DF23A006D1436 /* ContentView.swift */ = {isa = PBXFileReference; lastKnownFileType = sourcecode.swift; path = ContentView.swift; sourceTree = "<group>"; };
		CF4CF5B12C5DF23C006D1436 /* Assets.xcassets */ = {isa = PBXFileReference; lastKnownFileType = folder.assetcatalog; path = Assets.xcassets; sourceTree = "<group>"; };
		CF4CF5B42C5DF23C006D1436 /* Preview Assets.xcassets */ = {isa = PBXFileReference; lastKnownFileType = folder.assetcatalog; path = "Preview Assets.xcassets"; sourceTree = "<group>"; };
		CF4CF5BF2C5E427F006D1436 /* IconItem.swift */ = {isa = PBXFileReference; lastKnownFileType = sourcecode.swift; path = IconItem.swift; sourceTree = "<group>"; };
		CF4CF5C52C5F1917006D1436 /* MultipleWindowsView.swift */ = {isa = PBXFileReference; lastKnownFileType = sourcecode.swift; path = MultipleWindowsView.swift; sourceTree = "<group>"; };
		CF9196792C6C1B5300C5B9B5 /* BookLibraryView.swift */ = {isa = PBXFileReference; lastKnownFileType = sourcecode.swift; path = BookLibraryView.swift; sourceTree = "<group>"; };
		CF91967B2C6C1B7F00C5B9B5 /* Book.swift */ = {isa = PBXFileReference; lastKnownFileType = sourcecode.swift; path = Book.swift; sourceTree = "<group>"; };
		CF91967F2C6CE5E700C5B9B5 /* BookStoreWebViewContainer.swift */ = {isa = PBXFileReference; lastKnownFileType = sourcecode.swift; path = BookStoreWebViewContainer.swift; sourceTree = "<group>"; };
		CF9196812C6CE96200C5B9B5 /* WebViewContainer.swift */ = {isa = PBXFileReference; lastKnownFileType = sourcecode.swift; path = WebViewContainer.swift; sourceTree = "<group>"; };
		CF9196832C6E4E3800C5B9B5 /* MainView.swift */ = {isa = PBXFileReference; lastKnownFileType = sourcecode.swift; path = MainView.swift; sourceTree = "<group>"; };
		CF9196852C6E4F1E00C5B9B5 /* AddIconView.swift */ = {isa = PBXFileReference; lastKnownFileType = sourcecode.swift; path = AddIconView.swift; sourceTree = "<group>"; };
		CFC490052C6F6E7B00BEEACE /* HTMLBookParser.swift */ = {isa = PBXFileReference; lastKnownFileType = sourcecode.swift; path = HTMLBookParser.swift; sourceTree = "<group>"; };
		CFC490092C6FB05D00BEEACE /* ChapterListView.swift */ = {isa = PBXFileReference; lastKnownFileType = sourcecode.swift; path = ChapterListView.swift; sourceTree = "<group>"; };
		CFC4900B2C6FB06D00BEEACE /* FontSelectorView.swift */ = {isa = PBXFileReference; lastKnownFileType = sourcecode.swift; path = FontSelectorView.swift; sourceTree = "<group>"; };
/* End PBXFileReference section */

/* Begin PBXFrameworksBuildPhase section */
		CF4CF5A72C5DF23A006D1436 /* Frameworks */ = {
			isa = PBXFrameworksBuildPhase;
			buildActionMask = 2147483647;
			files = (
				CF1F5EB92C644A8B00CAC1A2 /* SwiftSoup in Frameworks */,
			);
			runOnlyForDeploymentPostprocessing = 0;
		};
/* End PBXFrameworksBuildPhase section */

/* Begin PBXGroup section */
		CF1F5EBB2C671BAD00CAC1A2 /* controllers */ = {
			isa = PBXGroup;
			children = (
			);
			name = controllers;
			sourceTree = "<group>";
		};
		CF1F5EBC2C671BBB00CAC1A2 /* utils */ = {
			isa = PBXGroup;
			children = (
				CF1F5EBF2C688C7B00CAC1A2 /* HTMLParser.swift */,
				CFC490052C6F6E7B00BEEACE /* HTMLBookParser.swift */,
			);
			name = utils;
			sourceTree = "<group>";
		};
		CF4CF5A12C5DF23A006D1436 = {
			isa = PBXGroup;
			children = (
				CF4CF5AC2C5DF23A006D1436 /* iReader */,
				CF4CF5AB2C5DF23A006D1436 /* Products */,
			);
			sourceTree = "<group>";
		};
		CF4CF5AB2C5DF23A006D1436 /* Products */ = {
			isa = PBXGroup;
			children = (
				CF4CF5AA2C5DF23A006D1436 /* iReader.app */,
			);
			name = Products;
			sourceTree = "<group>";
		};
		CF4CF5AC2C5DF23A006D1436 /* iReader */ = {
			isa = PBXGroup;
			children = (
				CF1F5EBC2C671BBB00CAC1A2 /* utils */,
				CF1F5EBB2C671BAD00CAC1A2 /* controllers */,
				CF4CF5BE2C5E426F006D1436 /* models */,
				CF4CF5BB2C5E3F15006D1436 /* views */,
				CF4CF5AD2C5DF23A006D1436 /* iReaderApp.swift */,
				CF4CF5B12C5DF23C006D1436 /* Assets.xcassets */,
				CF4CF5B32C5DF23C006D1436 /* Preview Content */,
			);
			path = iReader;
			sourceTree = "<group>";
		};
		CF4CF5B32C5DF23C006D1436 /* Preview Content */ = {
			isa = PBXGroup;
			children = (
				CF4CF5B42C5DF23C006D1436 /* Preview Assets.xcassets */,
			);
			path = "Preview Content";
			sourceTree = "<group>";
		};
		CF4CF5BB2C5E3F15006D1436 /* views */ = {
			isa = PBXGroup;
			children = (
				CF4CF5AF2C5DF23A006D1436 /* ContentView.swift */,
				CF4CF5C52C5F1917006D1436 /* MultipleWindowsView.swift */,
				CF1F5EB32C6442BB00CAC1A2 /* ReadingView.swift */,
				CF9196792C6C1B5300C5B9B5 /* BookLibraryView.swift */,
				CF91967F2C6CE5E700C5B9B5 /* BookStoreWebViewContainer.swift */,
				CF9196812C6CE96200C5B9B5 /* WebViewContainer.swift */,
				CF9196832C6E4E3800C5B9B5 /* MainView.swift */,
				CF9196852C6E4F1E00C5B9B5 /* AddIconView.swift */,
				CFC490092C6FB05D00BEEACE /* ChapterListView.swift */,
				CFC4900B2C6FB06D00BEEACE /* FontSelectorView.swift */,
			);
			name = views;
			sourceTree = "<group>";
		};
		CF4CF5BE2C5E426F006D1436 /* models */ = {
			isa = PBXGroup;
			children = (
				CF4CF5BF2C5E427F006D1436 /* IconItem.swift */,
				CF1F5EBD2C671BCC00CAC1A2 /* TextStyle.swift */,
				CF1F5EC12C68BE0600CAC1A2 /* Article.swift */,
				CF91967B2C6C1B7F00C5B9B5 /* Book.swift */,
			);
			name = models;
			sourceTree = "<group>";
		};
/* End PBXGroup section */

/* Begin PBXNativeTarget section */
		CF4CF5A92C5DF23A006D1436 /* iReader */ = {
			isa = PBXNativeTarget;
			buildConfigurationList = CF4CF5B82C5DF23C006D1436 /* Build configuration list for PBXNativeTarget "iReader" */;
			buildPhases = (
				CF4CF5A62C5DF23A006D1436 /* Sources */,
				CF4CF5A72C5DF23A006D1436 /* Frameworks */,
				CF4CF5A82C5DF23A006D1436 /* Resources */,
			);
			buildRules = (
			);
			dependencies = (
			);
			name = iReader;
			packageProductDependencies = (
				CF1F5EB82C644A8B00CAC1A2 /* SwiftSoup */,
			);
			productName = iReader;
			productReference = CF4CF5AA2C5DF23A006D1436 /* iReader.app */;
			productType = "com.apple.product-type.application";
		};
/* End PBXNativeTarget section */

/* Begin PBXProject section */
		CF4CF5A22C5DF23A006D1436 /* Project object */ = {
			isa = PBXProject;
			attributes = {
				BuildIndependentTargetsInParallel = 1;
				LastSwiftUpdateCheck = 1540;
				LastUpgradeCheck = 1540;
				TargetAttributes = {
					CF4CF5A92C5DF23A006D1436 = {
						CreatedOnToolsVersion = 15.4;
					};
				};
			};
			buildConfigurationList = CF4CF5A52C5DF23A006D1436 /* Build configuration list for PBXProject "iReader" */;
			compatibilityVersion = "Xcode 14.0";
			developmentRegion = en;
			hasScannedForEncodings = 0;
			knownRegions = (
				en,
				Base,
			);
			mainGroup = CF4CF5A12C5DF23A006D1436;
			packageReferences = (
				CF1F5EB72C644A8B00CAC1A2 /* XCRemoteSwiftPackageReference "SwiftSoup" */,
			);
			productRefGroup = CF4CF5AB2C5DF23A006D1436 /* Products */;
			projectDirPath = "";
			projectRoot = "";
			targets = (
				CF4CF5A92C5DF23A006D1436 /* iReader */,
			);
		};
/* End PBXProject section */

/* Begin PBXResourcesBuildPhase section */
		CF4CF5A82C5DF23A006D1436 /* Resources */ = {
			isa = PBXResourcesBuildPhase;
			buildActionMask = 2147483647;
			files = (
				CF4CF5B52C5DF23C006D1436 /* Preview Assets.xcassets in Resources */,
				CF4CF5B22C5DF23C006D1436 /* Assets.xcassets in Resources */,
			);
			runOnlyForDeploymentPostprocessing = 0;
		};
/* End PBXResourcesBuildPhase section */

/* Begin PBXSourcesBuildPhase section */
		CF4CF5A62C5DF23A006D1436 /* Sources */ = {
			isa = PBXSourcesBuildPhase;
			buildActionMask = 2147483647;
			files = (
				CF1F5EBE2C671BCC00CAC1A2 /* TextStyle.swift in Sources */,
				CF9196842C6E4E3800C5B9B5 /* MainView.swift in Sources */,
				CFC4900C2C6FB06D00BEEACE /* FontSelectorView.swift in Sources */,
				CF9196822C6CE96200C5B9B5 /* WebViewContainer.swift in Sources */,
				CF9196802C6CE5E700C5B9B5 /* BookStoreWebViewContainer.swift in Sources */,
				CF91967A2C6C1B5300C5B9B5 /* BookLibraryView.swift in Sources */,
				CF9196862C6E4F1E00C5B9B5 /* AddIconView.swift in Sources */,
				CF4CF5B02C5DF23A006D1436 /* ContentView.swift in Sources */,
				CF4CF5AE2C5DF23A006D1436 /* iReaderApp.swift in Sources */,
				CF4CF5C62C5F1917006D1436 /* MultipleWindowsView.swift in Sources */,
				CF1F5EC22C68BE0600CAC1A2 /* Article.swift in Sources */,
				CF1F5EC02C688C7B00CAC1A2 /* HTMLParser.swift in Sources */,
				CF4CF5C02C5E427F006D1436 /* IconItem.swift in Sources */,
				CF91967C2C6C1B7F00C5B9B5 /* Book.swift in Sources */,
				CFC490062C6F6E7B00BEEACE /* HTMLBookParser.swift in Sources */,
				CFC4900A2C6FB05D00BEEACE /* ChapterListView.swift in Sources */,
				CF1F5EB42C6442BB00CAC1A2 /* ReadingView.swift in Sources */,
			);
			runOnlyForDeploymentPostprocessing = 0;
		};
/* End PBXSourcesBuildPhase section */

/* Begin XCBuildConfiguration section */
		CF4CF5B62C5DF23C006D1436 /* Debug */ = {
			isa = XCBuildConfiguration;
			buildSettings = {
				ALWAYS_SEARCH_USER_PATHS = NO;
				ASSETCATALOG_COMPILER_GENERATE_SWIFT_ASSET_SYMBOL_EXTENSIONS = YES;
				CLANG_ANALYZER_NONNULL = YES;
				CLANG_ANALYZER_NUMBER_OBJECT_CONVERSION = YES_AGGRESSIVE;
				CLANG_CXX_LANGUAGE_STANDARD = "gnu++20";
				CLANG_ENABLE_MODULES = YES;
				CLANG_ENABLE_OBJC_ARC = YES;
				CLANG_ENABLE_OBJC_WEAK = YES;
				CLANG_WARN_BLOCK_CAPTURE_AUTORELEASING = YES;
				CLANG_WARN_BOOL_CONVERSION = YES;
				CLANG_WARN_COMMA = YES;
				CLANG_WARN_CONSTANT_CONVERSION = YES;
				CLANG_WARN_DEPRECATED_OBJC_IMPLEMENTATIONS = YES;
				CLANG_WARN_DIRECT_OBJC_ISA_USAGE = YES_ERROR;
				CLANG_WARN_DOCUMENTATION_COMMENTS = YES;
				CLANG_WARN_EMPTY_BODY = YES;
				CLANG_WARN_ENUM_CONVERSION = YES;
				CLANG_WARN_INFINITE_RECURSION = YES;
				CLANG_WARN_INT_CONVERSION = YES;
				CLANG_WARN_NON_LITERAL_NULL_CONVERSION = YES;
				CLANG_WARN_OBJC_IMPLICIT_RETAIN_SELF = YES;
				CLANG_WARN_OBJC_LITERAL_CONVERSION = YES;
				CLANG_WARN_OBJC_ROOT_CLASS = YES_ERROR;
				CLANG_WARN_QUOTED_INCLUDE_IN_FRAMEWORK_HEADER = YES;
				CLANG_WARN_RANGE_LOOP_ANALYSIS = YES;
				CLANG_WARN_STRICT_PROTOTYPES = YES;
				CLANG_WARN_SUSPICIOUS_MOVE = YES;
				CLANG_WARN_UNGUARDED_AVAILABILITY = YES_AGGRESSIVE;
				CLANG_WARN_UNREACHABLE_CODE = YES;
				CLANG_WARN__DUPLICATE_METHOD_MATCH = YES;
				COPY_PHASE_STRIP = NO;
				DEBUG_INFORMATION_FORMAT = dwarf;
				ENABLE_STRICT_OBJC_MSGSEND = YES;
				ENABLE_TESTABILITY = YES;
				ENABLE_USER_SCRIPT_SANDBOXING = YES;
				GCC_C_LANGUAGE_STANDARD = gnu17;
				GCC_DYNAMIC_NO_PIC = NO;
				GCC_NO_COMMON_BLOCKS = YES;
				GCC_OPTIMIZATION_LEVEL = 0;
				GCC_PREPROCESSOR_DEFINITIONS = (
					"DEBUG=1",
					"$(inherited)",
				);
				GCC_WARN_64_TO_32_BIT_CONVERSION = YES;
				GCC_WARN_ABOUT_RETURN_TYPE = YES_ERROR;
				GCC_WARN_UNDECLARED_SELECTOR = YES;
				GCC_WARN_UNINITIALIZED_AUTOS = YES_AGGRESSIVE;
				GCC_WARN_UNUSED_FUNCTION = YES;
				GCC_WARN_UNUSED_VARIABLE = YES;
				IPHONEOS_DEPLOYMENT_TARGET = 17.5;
				LOCALIZATION_PREFERS_STRING_CATALOGS = YES;
				MTL_ENABLE_DEBUG_INFO = INCLUDE_SOURCE;
				MTL_FAST_MATH = YES;
				ONLY_ACTIVE_ARCH = YES;
				SDKROOT = iphoneos;
				SWIFT_ACTIVE_COMPILATION_CONDITIONS = "DEBUG $(inherited)";
				SWIFT_OPTIMIZATION_LEVEL = "-Onone";
			};
			name = Debug;
		};
		CF4CF5B72C5DF23C006D1436 /* Release */ = {
			isa = XCBuildConfiguration;
			buildSettings = {
				ALWAYS_SEARCH_USER_PATHS = NO;
				ASSETCATALOG_COMPILER_GENERATE_SWIFT_ASSET_SYMBOL_EXTENSIONS = YES;
				CLANG_ANALYZER_NONNULL = YES;
				CLANG_ANALYZER_NUMBER_OBJECT_CONVERSION = YES_AGGRESSIVE;
				CLANG_CXX_LANGUAGE_STANDARD = "gnu++20";
				CLANG_ENABLE_MODULES = YES;
				CLANG_ENABLE_OBJC_ARC = YES;
				CLANG_ENABLE_OBJC_WEAK = YES;
				CLANG_WARN_BLOCK_CAPTURE_AUTORELEASING = YES;
				CLANG_WARN_BOOL_CONVERSION = YES;
				CLANG_WARN_COMMA = YES;
				CLANG_WARN_CONSTANT_CONVERSION = YES;
				CLANG_WARN_DEPRECATED_OBJC_IMPLEMENTATIONS = YES;
				CLANG_WARN_DIRECT_OBJC_ISA_USAGE = YES_ERROR;
				CLANG_WARN_DOCUMENTATION_COMMENTS = YES;
				CLANG_WARN_EMPTY_BODY = YES;
				CLANG_WARN_ENUM_CONVERSION = YES;
				CLANG_WARN_INFINITE_RECURSION = YES;
				CLANG_WARN_INT_CONVERSION = YES;
				CLANG_WARN_NON_LITERAL_NULL_CONVERSION = YES;
				CLANG_WARN_OBJC_IMPLICIT_RETAIN_SELF = YES;
				CLANG_WARN_OBJC_LITERAL_CONVERSION = YES;
				CLANG_WARN_OBJC_ROOT_CLASS = YES_ERROR;
				CLANG_WARN_QUOTED_INCLUDE_IN_FRAMEWORK_HEADER = YES;
				CLANG_WARN_RANGE_LOOP_ANALYSIS = YES;
				CLANG_WARN_STRICT_PROTOTYPES = YES;
				CLANG_WARN_SUSPICIOUS_MOVE = YES;
				CLANG_WARN_UNGUARDED_AVAILABILITY = YES_AGGRESSIVE;
				CLANG_WARN_UNREACHABLE_CODE = YES;
				CLANG_WARN__DUPLICATE_METHOD_MATCH = YES;
				COPY_PHASE_STRIP = NO;
				DEBUG_INFORMATION_FORMAT = "dwarf-with-dsym";
				ENABLE_NS_ASSERTIONS = NO;
				ENABLE_STRICT_OBJC_MSGSEND = YES;
				ENABLE_USER_SCRIPT_SANDBOXING = YES;
				GCC_C_LANGUAGE_STANDARD = gnu17;
				GCC_NO_COMMON_BLOCKS = YES;
				GCC_WARN_64_TO_32_BIT_CONVERSION = YES;
				GCC_WARN_ABOUT_RETURN_TYPE = YES_ERROR;
				GCC_WARN_UNDECLARED_SELECTOR = YES;
				GCC_WARN_UNINITIALIZED_AUTOS = YES_AGGRESSIVE;
				GCC_WARN_UNUSED_FUNCTION = YES;
				GCC_WARN_UNUSED_VARIABLE = YES;
				IPHONEOS_DEPLOYMENT_TARGET = 17.5;
				LOCALIZATION_PREFERS_STRING_CATALOGS = YES;
				MTL_ENABLE_DEBUG_INFO = NO;
				MTL_FAST_MATH = YES;
				SDKROOT = iphoneos;
				SWIFT_COMPILATION_MODE = wholemodule;
				VALIDATE_PRODUCT = YES;
			};
			name = Release;
		};
		CF4CF5B92C5DF23C006D1436 /* Debug */ = {
			isa = XCBuildConfiguration;
			buildSettings = {
				ASSETCATALOG_COMPILER_APPICON_NAME = AppIcon;
				ASSETCATALOG_COMPILER_GLOBAL_ACCENT_COLOR_NAME = AccentColor;
				CODE_SIGN_STYLE = Automatic;
				CURRENT_PROJECT_VERSION = 1;
				DEVELOPMENT_ASSET_PATHS = "\"iReader/Preview Content\"";
				DEVELOPMENT_TEAM = 8883CLR38K;
				ENABLE_PREVIEWS = YES;
				GENERATE_INFOPLIST_FILE = YES;
				INFOPLIST_KEY_UIApplicationSceneManifest_Generation = YES;
				INFOPLIST_KEY_UIApplicationSupportsIndirectInputEvents = YES;
				INFOPLIST_KEY_UILaunchScreen_Generation = YES;
				INFOPLIST_KEY_UISupportedInterfaceOrientations_iPad = "UIInterfaceOrientationPortrait UIInterfaceOrientationPortraitUpsideDown UIInterfaceOrientationLandscapeLeft UIInterfaceOrientationLandscapeRight";
				INFOPLIST_KEY_UISupportedInterfaceOrientations_iPhone = "UIInterfaceOrientationPortrait UIInterfaceOrientationLandscapeLeft UIInterfaceOrientationLandscapeRight";
				LD_RUNPATH_SEARCH_PATHS = (
					"$(inherited)",
					"@executable_path/Frameworks",
				);
				MARKETING_VERSION = 1.0;
				PRODUCT_BUNDLE_IDENTIFIER = JasonBurg.iReader;
				PRODUCT_NAME = "$(TARGET_NAME)";
				SWIFT_EMIT_LOC_STRINGS = YES;
				SWIFT_VERSION = 5.0;
				TARGETED_DEVICE_FAMILY = "1,2";
			};
			name = Debug;
		};
		CF4CF5BA2C5DF23C006D1436 /* Release */ = {
			isa = XCBuildConfiguration;
			buildSettings = {
				ASSETCATALOG_COMPILER_APPICON_NAME = AppIcon;
				ASSETCATALOG_COMPILER_GLOBAL_ACCENT_COLOR_NAME = AccentColor;
				CODE_SIGN_STYLE = Automatic;
				CURRENT_PROJECT_VERSION = 1;
				DEVELOPMENT_ASSET_PATHS = "\"iReader/Preview Content\"";
				DEVELOPMENT_TEAM = 8883CLR38K;
				ENABLE_PREVIEWS = YES;
				GENERATE_INFOPLIST_FILE = YES;
				INFOPLIST_KEY_UIApplicationSceneManifest_Generation = YES;
				INFOPLIST_KEY_UIApplicationSupportsIndirectInputEvents = YES;
				INFOPLIST_KEY_UILaunchScreen_Generation = YES;
				INFOPLIST_KEY_UISupportedInterfaceOrientations_iPad = "UIInterfaceOrientationPortrait UIInterfaceOrientationPortraitUpsideDown UIInterfaceOrientationLandscapeLeft UIInterfaceOrientationLandscapeRight";
				INFOPLIST_KEY_UISupportedInterfaceOrientations_iPhone = "UIInterfaceOrientationPortrait UIInterfaceOrientationLandscapeLeft UIInterfaceOrientationLandscapeRight";
				LD_RUNPATH_SEARCH_PATHS = (
					"$(inherited)",
					"@executable_path/Frameworks",
				);
				MARKETING_VERSION = 1.0;
				PRODUCT_BUNDLE_IDENTIFIER = JasonBurg.iReader;
				PRODUCT_NAME = "$(TARGET_NAME)";
				SWIFT_EMIT_LOC_STRINGS = YES;
				SWIFT_VERSION = 5.0;
				TARGETED_DEVICE_FAMILY = "1,2";
			};
			name = Release;
		};
/* End XCBuildConfiguration section */

/* Begin XCConfigurationList section */
		CF4CF5A52C5DF23A006D1436 /* Build configuration list for PBXProject "iReader" */ = {
			isa = XCConfigurationList;
			buildConfigurations = (
				CF4CF5B62C5DF23C006D1436 /* Debug */,
				CF4CF5B72C5DF23C006D1436 /* Release */,
			);
			defaultConfigurationIsVisible = 0;
			defaultConfigurationName = Release;
		};
		CF4CF5B82C5DF23C006D1436 /* Build configuration list for PBXNativeTarget "iReader" */ = {
			isa = XCConfigurationList;
			buildConfigurations = (
				CF4CF5B92C5DF23C006D1436 /* Debug */,
				CF4CF5BA2C5DF23C006D1436 /* Release */,
			);
			defaultConfigurationIsVisible = 0;
			defaultConfigurationName = Release;
		};
/* End XCConfigurationList section */

/* Begin XCRemoteSwiftPackageReference section */
		CF1F5EB72C644A8B00CAC1A2 /* XCRemoteSwiftPackageReference "SwiftSoup" */ = {
			isa = XCRemoteSwiftPackageReference;
			repositoryURL = "https://github.com/scinfu/SwiftSoup.git";
			requirement = {
				kind = upToNextMajorVersion;
				minimumVersion = 2.7.3;
			};
		};
/* End XCRemoteSwiftPackageReference section */

/* Begin XCSwiftPackageProductDependency section */
		CF1F5EB82C644A8B00CAC1A2 /* SwiftSoup */ = {
			isa = XCSwiftPackageProductDependency;
			package = CF1F5EB72C644A8B00CAC1A2 /* XCRemoteSwiftPackageReference "SwiftSoup" */;
			productName = SwiftSoup;
		};
/* End XCSwiftPackageProductDependency section */
	};
	rootObject = CF4CF5A22C5DF23A006D1436 /* Project object */;
}
