// !$*UTF8*$!
{
	archiveVersion = 1;
	classes = {
	};
	objectVersion = 56;
	objects = {

/* Begin PBXBuildFile section */
		CF133B052C82D01D00A30A7D /* BookLoader.swift in Sources */ = {isa = PBXBuildFile; fileRef = CF133B042C82D01D00A30A7D /* BookLoader.swift */; };
		CF133B072C82EA0600A30A7D /* BookLibrariesView.swift in Sources */ = {isa = PBXBuildFile; fileRef = CF133B062C82EA0500A30A7D /* BookLibrariesView.swift */; };
		CF133B092C82EA5500A30A7D /* MainAppView.swift in Sources */ = {isa = PBXBuildFile; fileRef = CF133B082C82EA5500A30A7D /* MainAppView.swift */; };
		CF1F5EB92C644A8B00CAC1A2 /* SwiftSoup in Frameworks */ = {isa = PBXBuildFile; productRef = CF1F5EB82C644A8B00CAC1A2 /* SwiftSoup */; };
		CF1F5EC02C688C7B00CAC1A2 /* HTMLParser.swift in Sources */ = {isa = PBXBuildFile; fileRef = CF1F5EBF2C688C7B00CAC1A2 /* HTMLParser.swift */; };
		CF1F5EC22C68BE0600CAC1A2 /* Article.swift in Sources */ = {isa = PBXBuildFile; fileRef = CF1F5EC12C68BE0600CAC1A2 /* Article.swift */; };
		CF4CF5AE2C5DF23A006D1436 /* iReaderApp.swift in Sources */ = {isa = PBXBuildFile; fileRef = CF4CF5AD2C5DF23A006D1436 /* iReaderApp.swift */; };
		CF4CF5B22C5DF23C006D1436 /* Assets.xcassets in Resources */ = {isa = PBXBuildFile; fileRef = CF4CF5B12C5DF23C006D1436 /* Assets.xcassets */; };
		CF4CF5B52C5DF23C006D1436 /* Preview Assets.xcassets in Resources */ = {isa = PBXBuildFile; fileRef = CF4CF5B42C5DF23C006D1436 /* Preview Assets.xcassets */; };
		CF8A62E92C86895E00C0FEC3 /* PageTurningView.swift in Sources */ = {isa = PBXBuildFile; fileRef = CF8A62E82C86895D00C0FEC3 /* PageTurningView.swift */; };
		CF91967C2C6C1B7F00C5B9B5 /* Book.swift in Sources */ = {isa = PBXBuildFile; fileRef = CF91967B2C6C1B7F00C5B9B5 /* Book.swift */; };
		CF967B842C893BF5003D12D6 /* SettingsView.swift in Sources */ = {isa = PBXBuildFile; fileRef = CF967B832C893BF5003D12D6 /* SettingsView.swift */; };
		CF967B862C893C1E003D12D6 /* BookStoreView.swift in Sources */ = {isa = PBXBuildFile; fileRef = CF967B852C893C1E003D12D6 /* BookStoreView.swift */; };
		CF967B882C8AED80003D12D6 /* HTMLSearchParser.swift in Sources */ = {isa = PBXBuildFile; fileRef = CF967B872C8AED80003D12D6 /* HTMLSearchParser.swift */; };
		CF967B8E2C8CA7E0003D12D6 /* BookInfoView.swift in Sources */ = {isa = PBXBuildFile; fileRef = CF967B8D2C8CA7E0003D12D6 /* BookInfoView.swift */; };
		CF967B902C8D3F0B003D12D6 /* LibraryManager.swift in Sources */ = {isa = PBXBuildFile; fileRef = CF967B8F2C8D3F0B003D12D6 /* LibraryManager.swift */; };
		CF967B922C8D4244003D12D6 /* BookInfoVIewModel.swift in Sources */ = {isa = PBXBuildFile; fileRef = CF967B912C8D4244003D12D6 /* BookInfoVIewModel.swift */; };
		CF967B942C8DFE4B003D12D6 /* BookSearchResultView.swift in Sources */ = {isa = PBXBuildFile; fileRef = CF967B932C8DFE4B003D12D6 /* BookSearchResultView.swift */; };
		CFAEF5902C7CD099007738D0 /* BookReadingView.swift in Sources */ = {isa = PBXBuildFile; fileRef = CFAEF58F2C7CD099007738D0 /* BookReadingView.swift */; };
		CFAEF5982C7F2F62007738D0 /* BookUtils.swift in Sources */ = {isa = PBXBuildFile; fileRef = CFAEF5972C7F2F62007738D0 /* BookUtils.swift */; };
		CFAEF59A2C7F34C0007738D0 /* LogView.swift in Sources */ = {isa = PBXBuildFile; fileRef = CFAEF5992C7F34C0007738D0 /* LogView.swift */; };
		CFC490062C6F6E7B00BEEACE /* HTMLBookParser.swift in Sources */ = {isa = PBXBuildFile; fileRef = CFC490052C6F6E7B00BEEACE /* HTMLBookParser.swift */; };
/* End PBXBuildFile section */

/* Begin PBXFileReference section */
		CF133B042C82D01D00A30A7D /* BookLoader.swift */ = {isa = PBXFileReference; lastKnownFileType = sourcecode.swift; path = BookLoader.swift; sourceTree = "<group>"; };
		CF133B062C82EA0500A30A7D /* BookLibrariesView.swift */ = {isa = PBXFileReference; lastKnownFileType = sourcecode.swift; path = BookLibrariesView.swift; sourceTree = "<group>"; };
		CF133B082C82EA5500A30A7D /* MainAppView.swift */ = {isa = PBXFileReference; lastKnownFileType = sourcecode.swift; path = MainAppView.swift; sourceTree = "<group>"; };
		CF1F5EBF2C688C7B00CAC1A2 /* HTMLParser.swift */ = {isa = PBXFileReference; lastKnownFileType = sourcecode.swift; path = HTMLParser.swift; sourceTree = "<group>"; };
		CF1F5EC12C68BE0600CAC1A2 /* Article.swift */ = {isa = PBXFileReference; lastKnownFileType = sourcecode.swift; path = Article.swift; sourceTree = "<group>"; };
		CF4CF5AA2C5DF23A006D1436 /* iReader.app */ = {isa = PBXFileReference; explicitFileType = wrapper.application; includeInIndex = 0; path = iReader.app; sourceTree = BUILT_PRODUCTS_DIR; };
		CF4CF5AD2C5DF23A006D1436 /* iReaderApp.swift */ = {isa = PBXFileReference; lastKnownFileType = sourcecode.swift; path = iReaderApp.swift; sourceTree = "<group>"; };
		CF4CF5B12C5DF23C006D1436 /* Assets.xcassets */ = {isa = PBXFileReference; lastKnownFileType = folder.assetcatalog; path = Assets.xcassets; sourceTree = "<group>"; };
		CF4CF5B42C5DF23C006D1436 /* Preview Assets.xcassets */ = {isa = PBXFileReference; lastKnownFileType = folder.assetcatalog; path = "Preview Assets.xcassets"; sourceTree = "<group>"; };
		CF6CC5752C78CB9A003DB03F /* Info.plist */ = {isa = PBXFileReference; lastKnownFileType = text.plist.xml; path = Info.plist; sourceTree = "<group>"; };
		CF8A62E82C86895D00C0FEC3 /* PageTurningView.swift */ = {isa = PBXFileReference; lastKnownFileType = sourcecode.swift; path = PageTurningView.swift; sourceTree = "<group>"; };
		CF91967B2C6C1B7F00C5B9B5 /* Book.swift */ = {isa = PBXFileReference; lastKnownFileType = sourcecode.swift; path = Book.swift; sourceTree = "<group>"; };
		CF967B832C893BF5003D12D6 /* SettingsView.swift */ = {isa = PBXFileReference; lastKnownFileType = sourcecode.swift; path = SettingsView.swift; sourceTree = "<group>"; };
		CF967B852C893C1E003D12D6 /* BookStoreView.swift */ = {isa = PBXFileReference; lastKnownFileType = sourcecode.swift; path = BookStoreView.swift; sourceTree = "<group>"; };
		CF967B872C8AED80003D12D6 /* HTMLSearchParser.swift */ = {isa = PBXFileReference; lastKnownFileType = sourcecode.swift; path = HTMLSearchParser.swift; sourceTree = "<group>"; };
		CF967B8D2C8CA7E0003D12D6 /* BookInfoView.swift */ = {isa = PBXFileReference; lastKnownFileType = sourcecode.swift; path = BookInfoView.swift; sourceTree = "<group>"; };
		CF967B8F2C8D3F0B003D12D6 /* LibraryManager.swift */ = {isa = PBXFileReference; lastKnownFileType = sourcecode.swift; path = LibraryManager.swift; sourceTree = "<group>"; };
		CF967B912C8D4244003D12D6 /* BookInfoVIewModel.swift */ = {isa = PBXFileReference; lastKnownFileType = sourcecode.swift; path = BookInfoVIewModel.swift; sourceTree = "<group>"; };
		CF967B932C8DFE4B003D12D6 /* BookSearchResultView.swift */ = {isa = PBXFileReference; lastKnownFileType = sourcecode.swift; path = BookSearchResultView.swift; sourceTree = "<group>"; };
		CFAEF58F2C7CD099007738D0 /* BookReadingView.swift */ = {isa = PBXFileReference; lastKnownFileType = sourcecode.swift; path = BookReadingView.swift; sourceTree = "<group>"; };
		CFAEF5972C7F2F62007738D0 /* BookUtils.swift */ = {isa = PBXFileReference; lastKnownFileType = sourcecode.swift; path = BookUtils.swift; sourceTree = "<group>"; };
		CFAEF5992C7F34C0007738D0 /* LogView.swift */ = {isa = PBXFileReference; lastKnownFileType = sourcecode.swift; path = LogView.swift; sourceTree = "<group>"; };
		CFC490052C6F6E7B00BEEACE /* HTMLBookParser.swift */ = {isa = PBXFileReference; lastKnownFileType = sourcecode.swift; path = HTMLBookParser.swift; sourceTree = "<group>"; };
/* End PBXFileReference section */

/* Begin PBXFrameworksBuildPhase section */
		CF4CF5A72C5DF23A006D1436 /* Frameworks */ = {
			isa = PBXFrameworksBuildPhase;
			buildActionMask = 2147483647;
			files = (
				CF1F5EB92C644A8B00CAC1A2 /* SwiftSoup in Frameworks */,
			);
			runOnlyForDeploymentPostprocessing = 0;
		};
/* End PBXFrameworksBuildPhase section */

/* Begin PBXGroup section */
		CF4CF5A12C5DF23A006D1436 = {
			isa = PBXGroup;
			children = (
				CF4CF5AC2C5DF23A006D1436 /* iReader */,
				CF4CF5AB2C5DF23A006D1436 /* Products */,
			);
			sourceTree = "<group>";
		};
		CF4CF5AB2C5DF23A006D1436 /* Products */ = {
			isa = PBXGroup;
			children = (
				CF4CF5AA2C5DF23A006D1436 /* iReader.app */,
			);
			name = Products;
			sourceTree = "<group>";
		};
		CF4CF5AC2C5DF23A006D1436 /* iReader */ = {
			isa = PBXGroup;
			children = (
				CFAEF58D2C7CD056007738D0 /* BookReader */,
				CF6CC5752C78CB9A003DB03F /* Info.plist */,
				CF4CF5AD2C5DF23A006D1436 /* iReaderApp.swift */,
				CF4CF5B12C5DF23C006D1436 /* Assets.xcassets */,
				CF4CF5B32C5DF23C006D1436 /* Preview Content */,
			);
			path = iReader;
			sourceTree = "<group>";
		};
		CF4CF5B32C5DF23C006D1436 /* Preview Content */ = {
			isa = PBXGroup;
			children = (
				CF4CF5B42C5DF23C006D1436 /* Preview Assets.xcassets */,
			);
			path = "Preview Content";
			sourceTree = "<group>";
		};
		CFAEF58D2C7CD056007738D0 /* BookReader */ = {
			isa = PBXGroup;
			children = (
				CFAEF5962C7D4372007738D0 /* Controllers */,
				CFAEF5912C7D42B7007738D0 /* Models */,
				CFAEF58E2C7CD07F007738D0 /* Views */,
			);
			name = BookReader;
			sourceTree = "<group>";
		};
		CFAEF58E2C7CD07F007738D0 /* Views */ = {
			isa = PBXGroup;
			children = (
				CF8A62E82C86895D00C0FEC3 /* PageTurningView.swift */,
				CFAEF58F2C7CD099007738D0 /* BookReadingView.swift */,
				CFAEF5992C7F34C0007738D0 /* LogView.swift */,
				CF133B062C82EA0500A30A7D /* BookLibrariesView.swift */,
				CF133B082C82EA5500A30A7D /* MainAppView.swift */,
				CF967B832C893BF5003D12D6 /* SettingsView.swift */,
				CF967B852C893C1E003D12D6 /* BookStoreView.swift */,
				CF967B8D2C8CA7E0003D12D6 /* BookInfoView.swift */,
				CF967B932C8DFE4B003D12D6 /* BookSearchResultView.swift */,
			);
			name = Views;
			sourceTree = "<group>";
		};
		CFAEF5912C7D42B7007738D0 /* Models */ = {
			isa = PBXGroup;
			children = (
				CF1F5EC12C68BE0600CAC1A2 /* Article.swift */,
				CF91967B2C6C1B7F00C5B9B5 /* Book.swift */,
				CF967B912C8D4244003D12D6 /* BookInfoVIewModel.swift */,
			);
			name = Models;
			sourceTree = "<group>";
		};
		CFAEF5962C7D4372007738D0 /* Controllers */ = {
			isa = PBXGroup;
			children = (
				CFC490052C6F6E7B00BEEACE /* HTMLBookParser.swift */,
				CFAEF5972C7F2F62007738D0 /* BookUtils.swift */,
				CF1F5EBF2C688C7B00CAC1A2 /* HTMLParser.swift */,
				CF133B042C82D01D00A30A7D /* BookLoader.swift */,
				CF967B872C8AED80003D12D6 /* HTMLSearchParser.swift */,
				CF967B8F2C8D3F0B003D12D6 /* LibraryManager.swift */,
			);
			name = Controllers;
			sourceTree = "<group>";
		};
/* End PBXGroup section */

/* Begin PBXNativeTarget section */
		CF4CF5A92C5DF23A006D1436 /* iReader */ = {
			isa = PBXNativeTarget;
			buildConfigurationList = CF4CF5B82C5DF23C006D1436 /* Build configuration list for PBXNativeTarget "iReader" */;
			buildPhases = (
				CF4CF5A62C5DF23A006D1436 /* Sources */,
				CF4CF5A72C5DF23A006D1436 /* Frameworks */,
				CF4CF5A82C5DF23A006D1436 /* Resources */,
			);
			buildRules = (
			);
			dependencies = (
			);
			name = iReader;
			packageProductDependencies = (
				CF1F5EB82C644A8B00CAC1A2 /* SwiftSoup */,
			);
			productName = iReader;
			productReference = CF4CF5AA2C5DF23A006D1436 /* iReader.app */;
			productType = "com.apple.product-type.application";
		};
/* End PBXNativeTarget section */

/* Begin PBXProject section */
		CF4CF5A22C5DF23A006D1436 /* Project object */ = {
			isa = PBXProject;
			attributes = {
				BuildIndependentTargetsInParallel = 1;
				LastSwiftUpdateCheck = 1540;
				LastUpgradeCheck = 1540;
				TargetAttributes = {
					CF4CF5A92C5DF23A006D1436 = {
						CreatedOnToolsVersion = 15.4;
					};
				};
			};
			buildConfigurationList = CF4CF5A52C5DF23A006D1436 /* Build configuration list for PBXProject "iReader" */;
			compatibilityVersion = "Xcode 14.0";
			developmentRegion = en;
			hasScannedForEncodings = 0;
			knownRegions = (
				en,
				Base,
			);
			mainGroup = CF4CF5A12C5DF23A006D1436;
			packageReferences = (
				CF1F5EB72C644A8B00CAC1A2 /* XCRemoteSwiftPackageReference "SwiftSoup" */,
			);
			productRefGroup = CF4CF5AB2C5DF23A006D1436 /* Products */;
			projectDirPath = "";
			projectRoot = "";
			targets = (
				CF4CF5A92C5DF23A006D1436 /* iReader */,
			);
		};
/* End PBXProject section */

/* Begin PBXResourcesBuildPhase section */
		CF4CF5A82C5DF23A006D1436 /* Resources */ = {
			isa = PBXResourcesBuildPhase;
			buildActionMask = 2147483647;
			files = (
				CF4CF5B52C5DF23C006D1436 /* Preview Assets.xcassets in Resources */,
				CF4CF5B22C5DF23C006D1436 /* Assets.xcassets in Resources */,
			);
			runOnlyForDeploymentPostprocessing = 0;
		};
/* End PBXResourcesBuildPhase section */

/* Begin PBXSourcesBuildPhase section */
		CF4CF5A62C5DF23A006D1436 /* Sources */ = {
			isa = PBXSourcesBuildPhase;
			buildActionMask = 2147483647;
			files = (
				CF967B842C893BF5003D12D6 /* SettingsView.swift in Sources */,
				CF967B862C893C1E003D12D6 /* BookStoreView.swift in Sources */,
				CFAEF5982C7F2F62007738D0 /* BookUtils.swift in Sources */,
				CF4CF5AE2C5DF23A006D1436 /* iReaderApp.swift in Sources */,
				CF1F5EC22C68BE0600CAC1A2 /* Article.swift in Sources */,
				CF133B092C82EA5500A30A7D /* MainAppView.swift in Sources */,
				CF967B902C8D3F0B003D12D6 /* LibraryManager.swift in Sources */,
				CFAEF59A2C7F34C0007738D0 /* LogView.swift in Sources */,
				CF967B882C8AED80003D12D6 /* HTMLSearchParser.swift in Sources */,
				CF1F5EC02C688C7B00CAC1A2 /* HTMLParser.swift in Sources */,
				CF8A62E92C86895E00C0FEC3 /* PageTurningView.swift in Sources */,
				CF967B922C8D4244003D12D6 /* BookInfoVIewModel.swift in Sources */,
				CF91967C2C6C1B7F00C5B9B5 /* Book.swift in Sources */,
				CF133B072C82EA0600A30A7D /* BookLibrariesView.swift in Sources */,
				CFC490062C6F6E7B00BEEACE /* HTMLBookParser.swift in Sources */,
				CFAEF5902C7CD099007738D0 /* BookReadingView.swift in Sources */,
				CF133B052C82D01D00A30A7D /* BookLoader.swift in Sources */,
				CF967B942C8DFE4B003D12D6 /* BookSearchResultView.swift in Sources */,
				CF967B8E2C8CA7E0003D12D6 /* BookInfoView.swift in Sources */,
			);
			runOnlyForDeploymentPostprocessing = 0;
		};
/* End PBXSourcesBuildPhase section */

/* Begin XCBuildConfiguration section */
		CF4CF5B62C5DF23C006D1436 /* Debug */ = {
			isa = XCBuildConfiguration;
			buildSettings = {
				ALWAYS_SEARCH_USER_PATHS = NO;
				ASSETCATALOG_COMPILER_GENERATE_SWIFT_ASSET_SYMBOL_EXTENSIONS = YES;
				CLANG_ANALYZER_NONNULL = YES;
				CLANG_ANALYZER_NUMBER_OBJECT_CONVERSION = YES_AGGRESSIVE;
				CLANG_CXX_LANGUAGE_STANDARD = "gnu++20";
				CLANG_ENABLE_MODULES = YES;
				CLANG_ENABLE_OBJC_ARC = YES;
				CLANG_ENABLE_OBJC_WEAK = YES;
				CLANG_WARN_BLOCK_CAPTURE_AUTORELEASING = YES;
				CLANG_WARN_BOOL_CONVERSION = YES;
				CLANG_WARN_COMMA = YES;
				CLANG_WARN_CONSTANT_CONVERSION = YES;
				CLANG_WARN_DEPRECATED_OBJC_IMPLEMENTATIONS = YES;
				CLANG_WARN_DIRECT_OBJC_ISA_USAGE = YES_ERROR;
				CLANG_WARN_DOCUMENTATION_COMMENTS = YES;
				CLANG_WARN_EMPTY_BODY = YES;
				CLANG_WARN_ENUM_CONVERSION = YES;
				CLANG_WARN_INFINITE_RECURSION = YES;
				CLANG_WARN_INT_CONVERSION = YES;
				CLANG_WARN_NON_LITERAL_NULL_CONVERSION = YES;
				CLANG_WARN_OBJC_IMPLICIT_RETAIN_SELF = YES;
				CLANG_WARN_OBJC_LITERAL_CONVERSION = YES;
				CLANG_WARN_OBJC_ROOT_CLASS = YES_ERROR;
				CLANG_WARN_QUOTED_INCLUDE_IN_FRAMEWORK_HEADER = YES;
				CLANG_WARN_RANGE_LOOP_ANALYSIS = YES;
				CLANG_WARN_STRICT_PROTOTYPES = YES;
				CLANG_WARN_SUSPICIOUS_MOVE = YES;
				CLANG_WARN_UNGUARDED_AVAILABILITY = YES_AGGRESSIVE;
				CLANG_WARN_UNREACHABLE_CODE = YES;
				CLANG_WARN__DUPLICATE_METHOD_MATCH = YES;
				COPY_PHASE_STRIP = NO;
				DEBUG_INFORMATION_FORMAT = dwarf;
				ENABLE_STRICT_OBJC_MSGSEND = YES;
				ENABLE_TESTABILITY = YES;
				ENABLE_USER_SCRIPT_SANDBOXING = YES;
				GCC_C_LANGUAGE_STANDARD = gnu17;
				GCC_DYNAMIC_NO_PIC = NO;
				GCC_NO_COMMON_BLOCKS = YES;
				GCC_OPTIMIZATION_LEVEL = 0;
				GCC_PREPROCESSOR_DEFINITIONS = (
					"DEBUG=1",
					"$(inherited)",
				);
				GCC_WARN_64_TO_32_BIT_CONVERSION = YES;
				GCC_WARN_ABOUT_RETURN_TYPE = YES_ERROR;
				GCC_WARN_UNDECLARED_SELECTOR = YES;
				GCC_WARN_UNINITIALIZED_AUTOS = YES_AGGRESSIVE;
				GCC_WARN_UNUSED_FUNCTION = YES;
				GCC_WARN_UNUSED_VARIABLE = YES;
				IPHONEOS_DEPLOYMENT_TARGET = 17.5;
				LOCALIZATION_PREFERS_STRING_CATALOGS = YES;
				MTL_ENABLE_DEBUG_INFO = INCLUDE_SOURCE;
				MTL_FAST_MATH = YES;
				ONLY_ACTIVE_ARCH = YES;
				SDKROOT = iphoneos;
				SWIFT_ACTIVE_COMPILATION_CONDITIONS = "DEBUG $(inherited)";
				SWIFT_OPTIMIZATION_LEVEL = "-Onone";
			};
			name = Debug;
		};
		CF4CF5B72C5DF23C006D1436 /* Release */ = {
			isa = XCBuildConfiguration;
			buildSettings = {
				ALWAYS_SEARCH_USER_PATHS = NO;
				ASSETCATALOG_COMPILER_GENERATE_SWIFT_ASSET_SYMBOL_EXTENSIONS = YES;
				CLANG_ANALYZER_NONNULL = YES;
				CLANG_ANALYZER_NUMBER_OBJECT_CONVERSION = YES_AGGRESSIVE;
				CLANG_CXX_LANGUAGE_STANDARD = "gnu++20";
				CLANG_ENABLE_MODULES = YES;
				CLANG_ENABLE_OBJC_ARC = YES;
				CLANG_ENABLE_OBJC_WEAK = YES;
				CLANG_WARN_BLOCK_CAPTURE_AUTORELEASING = YES;
				CLANG_WARN_BOOL_CONVERSION = YES;
				CLANG_WARN_COMMA = YES;
				CLANG_WARN_CONSTANT_CONVERSION = YES;
				CLANG_WARN_DEPRECATED_OBJC_IMPLEMENTATIONS = YES;
				CLANG_WARN_DIRECT_OBJC_ISA_USAGE = YES_ERROR;
				CLANG_WARN_DOCUMENTATION_COMMENTS = YES;
				CLANG_WARN_EMPTY_BODY = YES;
				CLANG_WARN_ENUM_CONVERSION = YES;
				CLANG_WARN_INFINITE_RECURSION = YES;
				CLANG_WARN_INT_CONVERSION = YES;
				CLANG_WARN_NON_LITERAL_NULL_CONVERSION = YES;
				CLANG_WARN_OBJC_IMPLICIT_RETAIN_SELF = YES;
				CLANG_WARN_OBJC_LITERAL_CONVERSION = YES;
				CLANG_WARN_OBJC_ROOT_CLASS = YES_ERROR;
				CLANG_WARN_QUOTED_INCLUDE_IN_FRAMEWORK_HEADER = YES;
				CLANG_WARN_RANGE_LOOP_ANALYSIS = YES;
				CLANG_WARN_STRICT_PROTOTYPES = YES;
				CLANG_WARN_SUSPICIOUS_MOVE = YES;
				CLANG_WARN_UNGUARDED_AVAILABILITY = YES_AGGRESSIVE;
				CLANG_WARN_UNREACHABLE_CODE = YES;
				CLANG_WARN__DUPLICATE_METHOD_MATCH = YES;
				COPY_PHASE_STRIP = NO;
				DEBUG_INFORMATION_FORMAT = "dwarf-with-dsym";
				ENABLE_NS_ASSERTIONS = NO;
				ENABLE_STRICT_OBJC_MSGSEND = YES;
				ENABLE_USER_SCRIPT_SANDBOXING = YES;
				GCC_C_LANGUAGE_STANDARD = gnu17;
				GCC_NO_COMMON_BLOCKS = YES;
				GCC_WARN_64_TO_32_BIT_CONVERSION = YES;
				GCC_WARN_ABOUT_RETURN_TYPE = YES_ERROR;
				GCC_WARN_UNDECLARED_SELECTOR = YES;
				GCC_WARN_UNINITIALIZED_AUTOS = YES_AGGRESSIVE;
				GCC_WARN_UNUSED_FUNCTION = YES;
				GCC_WARN_UNUSED_VARIABLE = YES;
				IPHONEOS_DEPLOYMENT_TARGET = 17.5;
				LOCALIZATION_PREFERS_STRING_CATALOGS = YES;
				MTL_ENABLE_DEBUG_INFO = NO;
				MTL_FAST_MATH = YES;
				SDKROOT = iphoneos;
				SWIFT_COMPILATION_MODE = wholemodule;
				VALIDATE_PRODUCT = YES;
			};
			name = Release;
		};
		CF4CF5B92C5DF23C006D1436 /* Debug */ = {
			isa = XCBuildConfiguration;
			buildSettings = {
				ASSETCATALOG_COMPILER_APPICON_NAME = AppIcon;
				ASSETCATALOG_COMPILER_GLOBAL_ACCENT_COLOR_NAME = AccentColor;
				CODE_SIGN_STYLE = Automatic;
				CURRENT_PROJECT_VERSION = 1;
				DEVELOPMENT_ASSET_PATHS = "\"iReader/Preview Content\"";
				DEVELOPMENT_TEAM = 8883CLR38K;
				ENABLE_PREVIEWS = YES;
				GENERATE_INFOPLIST_FILE = YES;
				INFOPLIST_FILE = iReader/Info.plist;
				INFOPLIST_KEY_UIApplicationSceneManifest_Generation = YES;
				INFOPLIST_KEY_UIApplicationSupportsIndirectInputEvents = YES;
				INFOPLIST_KEY_UILaunchScreen_Generation = YES;
				INFOPLIST_KEY_UISupportedInterfaceOrientations_iPad = "UIInterfaceOrientationPortrait UIInterfaceOrientationPortraitUpsideDown UIInterfaceOrientationLandscapeLeft UIInterfaceOrientationLandscapeRight";
				INFOPLIST_KEY_UISupportedInterfaceOrientations_iPhone = "UIInterfaceOrientationPortrait UIInterfaceOrientationLandscapeLeft UIInterfaceOrientationLandscapeRight";
				LD_RUNPATH_SEARCH_PATHS = (
					"$(inherited)",
					"@executable_path/Frameworks",
				);
				MARKETING_VERSION = 1.0;
				PRODUCT_BUNDLE_IDENTIFIER = JasonBurg.iReader;
				PRODUCT_NAME = "$(TARGET_NAME)";
				SWIFT_EMIT_LOC_STRINGS = YES;
				SWIFT_VERSION = 5.0;
				TARGETED_DEVICE_FAMILY = "1,2";
			};
			name = Debug;
		};
		CF4CF5BA2C5DF23C006D1436 /* Release */ = {
			isa = XCBuildConfiguration;
			buildSettings = {
				ASSETCATALOG_COMPILER_APPICON_NAME = AppIcon;
				ASSETCATALOG_COMPILER_GLOBAL_ACCENT_COLOR_NAME = AccentColor;
				CODE_SIGN_STYLE = Automatic;
				CURRENT_PROJECT_VERSION = 1;
				DEVELOPMENT_ASSET_PATHS = "\"iReader/Preview Content\"";
				DEVELOPMENT_TEAM = 8883CLR38K;
				ENABLE_PREVIEWS = YES;
				GENERATE_INFOPLIST_FILE = YES;
				INFOPLIST_FILE = iReader/Info.plist;
				INFOPLIST_KEY_UIApplicationSceneManifest_Generation = YES;
				INFOPLIST_KEY_UIApplicationSupportsIndirectInputEvents = YES;
				INFOPLIST_KEY_UILaunchScreen_Generation = YES;
				INFOPLIST_KEY_UISupportedInterfaceOrientations_iPad = "UIInterfaceOrientationPortrait UIInterfaceOrientationPortraitUpsideDown UIInterfaceOrientationLandscapeLeft UIInterfaceOrientationLandscapeRight";
				INFOPLIST_KEY_UISupportedInterfaceOrientations_iPhone = "UIInterfaceOrientationPortrait UIInterfaceOrientationLandscapeLeft UIInterfaceOrientationLandscapeRight";
				LD_RUNPATH_SEARCH_PATHS = (
					"$(inherited)",
					"@executable_path/Frameworks",
				);
				MARKETING_VERSION = 1.0;
				PRODUCT_BUNDLE_IDENTIFIER = JasonBurg.iReader;
				PRODUCT_NAME = "$(TARGET_NAME)";
				SWIFT_EMIT_LOC_STRINGS = YES;
				SWIFT_VERSION = 5.0;
				TARGETED_DEVICE_FAMILY = "1,2";
			};
			name = Release;
		};
/* End XCBuildConfiguration section */

/* Begin XCConfigurationList section */
		CF4CF5A52C5DF23A006D1436 /* Build configuration list for PBXProject "iReader" */ = {
			isa = XCConfigurationList;
			buildConfigurations = (
				CF4CF5B62C5DF23C006D1436 /* Debug */,
				CF4CF5B72C5DF23C006D1436 /* Release */,
			);
			defaultConfigurationIsVisible = 0;
			defaultConfigurationName = Release;
		};
		CF4CF5B82C5DF23C006D1436 /* Build configuration list for PBXNativeTarget "iReader" */ = {
			isa = XCConfigurationList;
			buildConfigurations = (
				CF4CF5B92C5DF23C006D1436 /* Debug */,
				CF4CF5BA2C5DF23C006D1436 /* Release */,
			);
			defaultConfigurationIsVisible = 0;
			defaultConfigurationName = Release;
		};
/* End XCConfigurationList section */

/* Begin XCRemoteSwiftPackageReference section */
		CF1F5EB72C644A8B00CAC1A2 /* XCRemoteSwiftPackageReference "SwiftSoup" */ = {
			isa = XCRemoteSwiftPackageReference;
			repositoryURL = "https://github.com/scinfu/SwiftSoup.git";
			requirement = {
				kind = upToNextMajorVersion;
				minimumVersion = 2.7.3;
			};
		};
/* End XCRemoteSwiftPackageReference section */

/* Begin XCSwiftPackageProductDependency section */
		CF1F5EB82C644A8B00CAC1A2 /* SwiftSoup */ = {
			isa = XCSwiftPackageProductDependency;
			package = CF1F5EB72C644A8B00CAC1A2 /* XCRemoteSwiftPackageReference "SwiftSoup" */;
			productName = SwiftSoup;
		};
/* End XCSwiftPackageProductDependency section */
	};
	rootObject = CF4CF5A22C5DF23A006D1436 /* Project object */;
}
